{
  "nodes": {
    "flake-utils": {
      "locked": {
        "lastModified": 1656928814,
        "narHash": "sha256-RIFfgBuKz6Hp89yRr7+NR5tzIAbn52h8vT6vXkYjZoM=",
        "owner": "numtide",
        "repo": "flake-utils",
        "rev": "7e2a3b3dfd9af950a856d66b0a7d01e3c18aa249",
        "type": "github"
      },
      "original": {
        "owner": "numtide",
        "repo": "flake-utils",
        "type": "github"
      }
    },
    "mach-nix": {
      "inputs": {
        "flake-utils": [
          "flake-utils"
        ],
        "nixpkgs": [
          "nixpkgs"
        ],
        "pypi-deps-db": [
          "pypi-deps-db"
        ]
      },
      "locked": {
        "lastModified": 1659091740,
        "narHash": "sha256-aNtnezQfUX1QS/bFno2H5661qIY/Rn7BmHnspuuyI+4=",
        "owner": "DavHau",
        "repo": "mach-nix",
        "rev": "f15ea8677df951cb4fe608945fd98725dcd033b3",
        "type": "github"
      },
      "original": {
        "owner": "DavHau",
        "repo": "mach-nix",
        "type": "github"
      }
    },
    "nixpkgs": {
      "locked": {
        "lastModified": 1659445012,
        "narHash": "sha256-n8/7npmp3hLbPSTRHPW8EPO8qh9vJ10RgkRM3Ve4vfc=",
        "owner": "NixOS",
        "repo": "nixpkgs",
        "rev": "a9f66ae640146ac16b6e33d2359e9171b27b0993",
        "type": "github"
      },
      "original": {
        "owner": "NixOS",
        "ref": "nixos-22.05",
        "repo": "nixpkgs",
        "type": "github"
      }
    },
    "pypi-deps-db": {
      "flake": false,
      "locked": {
        "lastModified": 1664959739,
        "narHash": "sha256-1Auau8q5gVYWEkMvaS+K3DU4xFdJ1MXjRCjgQL3RUPA=",
        "owner": "DavHau",
        "repo": "pypi-deps-db",
        "rev": "5f2f1854fa407c44e71cbc57ce75fe185c72a748",
        "type": "github"
      },
      "original": {
        "owner": "DavHau",
        "repo": "pypi-deps-db",
        "type": "github"
      }
    },
    "root": {
      "inputs": {
        "flake-utils": "flake-utils",
        "mach-nix": "mach-nix",
        "nixpkgs": "nixpkgs",
        "pypi-deps-db": "pypi-deps-db"
      }
    }
  },
  "root": "root",
  "version": 7
}
